// !$*UTF8*$!
{
	archiveVersion = 1;
	classes = {
	};
	objectVersion = 56;
	objects = {

/* Begin PBXBuildFile section */
		157763AB2DA515D600F80D42 /* GFDataLoadingVc.swift in Sources */ = {isa = PBXBuildFile; fileRef = 157763AA2DA515D600F80D42 /* GFDataLoadingVc.swift */; };
		157763AD2DA534F500F80D42 /* UIView+EXT.swift in Sources */ = {isa = PBXBuildFile; fileRef = 157763AC2DA534F500F80D42 /* UIView+EXT.swift */; };
		1595CADD2D9D4C5900039C61 /* GFEmtyStateView.swift in Sources */ = {isa = PBXBuildFile; fileRef = 1595CADC2D9D4C5900039C61 /* GFEmtyStateView.swift */; };
		1595CADF2D9D6DAB00039C61 /* UserInfoVc.swift in Sources */ = {isa = PBXBuildFile; fileRef = 1595CADE2D9D6DAB00039C61 /* UserInfoVc.swift */; };
		1595CAE12D9E9A1E00039C61 /* GFSecondaryTitleLable.swift in Sources */ = {isa = PBXBuildFile; fileRef = 1595CAE02D9E9A1E00039C61 /* GFSecondaryTitleLable.swift */; };
		1595CAE32D9EA29700039C61 /* GFUserInfoHeaderVC.swift in Sources */ = {isa = PBXBuildFile; fileRef = 1595CAE22D9EA29700039C61 /* GFUserInfoHeaderVC.swift */; };
		1595CAE52D9EAAFA00039C61 /* Constants.swift in Sources */ = {isa = PBXBuildFile; fileRef = 1595CAE42D9EAAFA00039C61 /* Constants.swift */; };
		1595CAE72D9EE3C300039C61 /* GFItemInfoView.swift in Sources */ = {isa = PBXBuildFile; fileRef = 1595CAE62D9EE3C300039C61 /* GFItemInfoView.swift */; };
		1595CAE92D9EFED200039C61 /* GFItemInfoVc.swift in Sources */ = {isa = PBXBuildFile; fileRef = 1595CAE82D9EFED200039C61 /* GFItemInfoVc.swift */; };
		1595CAED2D9F0C9400039C61 /* GFRepoItemVC.swift in Sources */ = {isa = PBXBuildFile; fileRef = 1595CAEC2D9F0C9400039C61 /* GFRepoItemVC.swift */; };
		1595CAEF2D9F142800039C61 /* GFFollowerItemVC.swift in Sources */ = {isa = PBXBuildFile; fileRef = 1595CAEE2D9F142800039C61 /* GFFollowerItemVC.swift */; };
		15C9E03D2D901824004EAE06 /* AppDelegate.swift in Sources */ = {isa = PBXBuildFile; fileRef = 15C9E03C2D901824004EAE06 /* AppDelegate.swift */; };
		15C9E03F2D901824004EAE06 /* SceneDelegate.swift in Sources */ = {isa = PBXBuildFile; fileRef = 15C9E03E2D901824004EAE06 /* SceneDelegate.swift */; };
		15C9E0412D901824004EAE06 /* SearchVC.swift in Sources */ = {isa = PBXBuildFile; fileRef = 15C9E0402D901824004EAE06 /* SearchVC.swift */; };
		15C9E0462D901826004EAE06 /* Assets.xcassets in Resources */ = {isa = PBXBuildFile; fileRef = 15C9E0452D901826004EAE06 /* Assets.xcassets */; };
		15C9E0492D901826004EAE06 /* Base in Resources */ = {isa = PBXBuildFile; fileRef = 15C9E0482D901826004EAE06 /* Base */; };
		15C9E0512D91627B004EAE06 /* FavoritesVC.swift in Sources */ = {isa = PBXBuildFile; fileRef = 15C9E0502D91627B004EAE06 /* FavoritesVC.swift */; };
		15C9E0532D916E68004EAE06 /* GfButton.swift in Sources */ = {isa = PBXBuildFile; fileRef = 15C9E0522D916E68004EAE06 /* GfButton.swift */; };
		15C9E0552D9173FF004EAE06 /* GFTextField.swift in Sources */ = {isa = PBXBuildFile; fileRef = 15C9E0542D9173FF004EAE06 /* GFTextField.swift */; };
		15C9E0572D92627D004EAE06 /* FollowerListVC.swift in Sources */ = {isa = PBXBuildFile; fileRef = 15C9E0562D92627D004EAE06 /* FollowerListVC.swift */; };
		15C9E0592D9266C5004EAE06 /* String+Ext.swift in Sources */ = {isa = PBXBuildFile; fileRef = 15C9E0582D9266C5004EAE06 /* String+Ext.swift */; };
		15C9E05B2D926D8F004EAE06 /* GFTitleLabel.swift in Sources */ = {isa = PBXBuildFile; fileRef = 15C9E05A2D926D8F004EAE06 /* GFTitleLabel.swift */; };
		15C9E05E2D926FA0004EAE06 /* GFBodyLabel.swift in Sources */ = {isa = PBXBuildFile; fileRef = 15C9E05D2D926FA0004EAE06 /* GFBodyLabel.swift */; };
		15C9E0622D927052004EAE06 /* GFAlertVC.swift in Sources */ = {isa = PBXBuildFile; fileRef = 15C9E0612D927052004EAE06 /* GFAlertVC.swift */; };
		15C9E0642D927D5B004EAE06 /* UIViewController+Ext.swift in Sources */ = {isa = PBXBuildFile; fileRef = 15C9E0632D927D5B004EAE06 /* UIViewController+Ext.swift */; };
		15C9E06B2D929495004EAE06 /* Follower.swift in Sources */ = {isa = PBXBuildFile; fileRef = 15C9E06A2D929495004EAE06 /* Follower.swift */; };
		15C9E06D2D9295EA004EAE06 /* User.swift in Sources */ = {isa = PBXBuildFile; fileRef = 15C9E06C2D9295EA004EAE06 /* User.swift */; };
		15C9E0702D92AD0E004EAE06 /* NetWorkManager.swift in Sources */ = {isa = PBXBuildFile; fileRef = 15C9E06F2D92AD0E004EAE06 /* NetWorkManager.swift */; };
		15C9E0732D92C1B9004EAE06 /* GFError.swift in Sources */ = {isa = PBXBuildFile; fileRef = 15C9E0722D92C1B9004EAE06 /* GFError.swift */; };
		15C9E0752D92D18F004EAE06 /* GFAvatarImageView.swift in Sources */ = {isa = PBXBuildFile; fileRef = 15C9E0742D92D18F004EAE06 /* GFAvatarImageView.swift */; };
		15C9E0782D92D2A0004EAE06 /* FollowerCell.swift in Sources */ = {isa = PBXBuildFile; fileRef = 15C9E0772D92D29F004EAE06 /* FollowerCell.swift */; };
		15C9E07B2D954DED004EAE06 /* UIHelper.swift in Sources */ = {isa = PBXBuildFile; fileRef = 15C9E07A2D954DED004EAE06 /* UIHelper.swift */; };
		15E110B12DA1319D004DF12E /* Date+EXT.swift in Sources */ = {isa = PBXBuildFile; fileRef = 15E110B02DA1319D004DF12E /* Date+EXT.swift */; };
		15E110B32DA3C12C004DF12E /* PersistenceManager.swift in Sources */ = {isa = PBXBuildFile; fileRef = 15E110B22DA3C12C004DF12E /* PersistenceManager.swift */; };
		15E110B52DA3EE38004DF12E /* FavoriteCell.swift in Sources */ = {isa = PBXBuildFile; fileRef = 15E110B42DA3EE38004DF12E /* FavoriteCell.swift */; };
		15E110B92DA413F6004DF12E /* GFTabBarController.swift in Sources */ = {isa = PBXBuildFile; fileRef = 15E110B82DA413F6004DF12E /* GFTabBarController.swift */; };
		15E110BB2DA43FEC004DF12E /* GFContainerView.swift in Sources */ = {isa = PBXBuildFile; fileRef = 15E110BA2DA43FEC004DF12E /* GFContainerView.swift */; };
/* End PBXBuildFile section */

/* Begin PBXFileReference section */
		157763AA2DA515D600F80D42 /* GFDataLoadingVc.swift */ = {isa = PBXFileReference; lastKnownFileType = sourcecode.swift; path = GFDataLoadingVc.swift; sourceTree = "<group>"; };
		157763AC2DA534F500F80D42 /* UIView+EXT.swift */ = {isa = PBXFileReference; lastKnownFileType = sourcecode.swift; path = "UIView+EXT.swift"; sourceTree = "<group>"; };
		1595CADC2D9D4C5900039C61 /* GFEmtyStateView.swift */ = {isa = PBXFileReference; lastKnownFileType = sourcecode.swift; path = GFEmtyStateView.swift; sourceTree = "<group>"; };
		1595CADE2D9D6DAB00039C61 /* UserInfoVc.swift */ = {isa = PBXFileReference; lastKnownFileType = sourcecode.swift; path = UserInfoVc.swift; sourceTree = "<group>"; };
		1595CAE02D9E9A1E00039C61 /* GFSecondaryTitleLable.swift */ = {isa = PBXFileReference; lastKnownFileType = sourcecode.swift; path = GFSecondaryTitleLable.swift; sourceTree = "<group>"; };
		1595CAE22D9EA29700039C61 /* GFUserInfoHeaderVC.swift */ = {isa = PBXFileReference; lastKnownFileType = sourcecode.swift; path = GFUserInfoHeaderVC.swift; sourceTree = "<group>"; };
		1595CAE42D9EAAFA00039C61 /* Constants.swift */ = {isa = PBXFileReference; lastKnownFileType = sourcecode.swift; path = Constants.swift; sourceTree = "<group>"; };
		1595CAE62D9EE3C300039C61 /* GFItemInfoView.swift */ = {isa = PBXFileReference; lastKnownFileType = sourcecode.swift; path = GFItemInfoView.swift; sourceTree = "<group>"; };
		1595CAE82D9EFED200039C61 /* GFItemInfoVc.swift */ = {isa = PBXFileReference; lastKnownFileType = sourcecode.swift; path = GFItemInfoVc.swift; sourceTree = "<group>"; };
		1595CAEC2D9F0C9400039C61 /* GFRepoItemVC.swift */ = {isa = PBXFileReference; lastKnownFileType = sourcecode.swift; path = GFRepoItemVC.swift; sourceTree = "<group>"; };
		1595CAEE2D9F142800039C61 /* GFFollowerItemVC.swift */ = {isa = PBXFileReference; lastKnownFileType = sourcecode.swift; path = GFFollowerItemVC.swift; sourceTree = "<group>"; };
		15C9E0392D901824004EAE06 /* GitFollowers.app */ = {isa = PBXFileReference; explicitFileType = wrapper.application; includeInIndex = 0; path = GitFollowers.app; sourceTree = BUILT_PRODUCTS_DIR; };
		15C9E03C2D901824004EAE06 /* AppDelegate.swift */ = {isa = PBXFileReference; lastKnownFileType = sourcecode.swift; path = AppDelegate.swift; sourceTree = "<group>"; };
		15C9E03E2D901824004EAE06 /* SceneDelegate.swift */ = {isa = PBXFileReference; lastKnownFileType = sourcecode.swift; path = SceneDelegate.swift; sourceTree = "<group>"; };
		15C9E0402D901824004EAE06 /* SearchVC.swift */ = {isa = PBXFileReference; lastKnownFileType = sourcecode.swift; path = SearchVC.swift; sourceTree = "<group>"; };
		15C9E0452D901826004EAE06 /* Assets.xcassets */ = {isa = PBXFileReference; lastKnownFileType = folder.assetcatalog; path = Assets.xcassets; sourceTree = "<group>"; };
		15C9E0482D901826004EAE06 /* Base */ = {isa = PBXFileReference; lastKnownFileType = file.storyboard; name = Base; path = Base.lproj/LaunchScreen.storyboard; sourceTree = "<group>"; };
		15C9E04A2D901826004EAE06 /* Info.plist */ = {isa = PBXFileReference; lastKnownFileType = text.plist.xml; path = Info.plist; sourceTree = "<group>"; };
		15C9E0502D91627B004EAE06 /* FavoritesVC.swift */ = {isa = PBXFileReference; lastKnownFileType = sourcecode.swift; path = FavoritesVC.swift; sourceTree = "<group>"; };
		15C9E0522D916E68004EAE06 /* GfButton.swift */ = {isa = PBXFileReference; lastKnownFileType = sourcecode.swift; path = GfButton.swift; sourceTree = "<group>"; };
		15C9E0542D9173FF004EAE06 /* GFTextField.swift */ = {isa = PBXFileReference; lastKnownFileType = sourcecode.swift; path = GFTextField.swift; sourceTree = "<group>"; };
		15C9E0562D92627D004EAE06 /* FollowerListVC.swift */ = {isa = PBXFileReference; lastKnownFileType = sourcecode.swift; path = FollowerListVC.swift; sourceTree = "<group>"; };
		15C9E0582D9266C5004EAE06 /* String+Ext.swift */ = {isa = PBXFileReference; fileEncoding = 4; lastKnownFileType = sourcecode.swift; path = "String+Ext.swift"; sourceTree = "<group>"; };
		15C9E05A2D926D8F004EAE06 /* GFTitleLabel.swift */ = {isa = PBXFileReference; lastKnownFileType = sourcecode.swift; path = GFTitleLabel.swift; sourceTree = "<group>"; };
		15C9E05D2D926FA0004EAE06 /* GFBodyLabel.swift */ = {isa = PBXFileReference; lastKnownFileType = sourcecode.swift; path = GFBodyLabel.swift; sourceTree = "<group>"; };
		15C9E0612D927052004EAE06 /* GFAlertVC.swift */ = {isa = PBXFileReference; lastKnownFileType = sourcecode.swift; path = GFAlertVC.swift; sourceTree = "<group>"; };
		15C9E0632D927D5B004EAE06 /* UIViewController+Ext.swift */ = {isa = PBXFileReference; lastKnownFileType = sourcecode.swift; path = "UIViewController+Ext.swift"; sourceTree = "<group>"; };
		15C9E06A2D929495004EAE06 /* Follower.swift */ = {isa = PBXFileReference; lastKnownFileType = sourcecode.swift; path = Follower.swift; sourceTree = "<group>"; };
		15C9E06C2D9295EA004EAE06 /* User.swift */ = {isa = PBXFileReference; lastKnownFileType = sourcecode.swift; path = User.swift; sourceTree = "<group>"; };
		15C9E06F2D92AD0E004EAE06 /* NetWorkManager.swift */ = {isa = PBXFileReference; lastKnownFileType = sourcecode.swift; path = NetWorkManager.swift; sourceTree = "<group>"; };
		15C9E0722D92C1B9004EAE06 /* GFError.swift */ = {isa = PBXFileReference; lastKnownFileType = sourcecode.swift; path = GFError.swift; sourceTree = "<group>"; };
		15C9E0742D92D18F004EAE06 /* GFAvatarImageView.swift */ = {isa = PBXFileReference; lastKnownFileType = sourcecode.swift; path = GFAvatarImageView.swift; sourceTree = "<group>"; };
		15C9E0772D92D29F004EAE06 /* FollowerCell.swift */ = {isa = PBXFileReference; lastKnownFileType = sourcecode.swift; path = FollowerCell.swift; sourceTree = "<group>"; };
		15C9E07A2D954DED004EAE06 /* UIHelper.swift */ = {isa = PBXFileReference; lastKnownFileType = sourcecode.swift; path = UIHelper.swift; sourceTree = "<group>"; };
		15E110B02DA1319D004DF12E /* Date+EXT.swift */ = {isa = PBXFileReference; lastKnownFileType = sourcecode.swift; path = "Date+EXT.swift"; sourceTree = "<group>"; };
		15E110B22DA3C12C004DF12E /* PersistenceManager.swift */ = {isa = PBXFileReference; lastKnownFileType = sourcecode.swift; path = PersistenceManager.swift; sourceTree = "<group>"; };
		15E110B42DA3EE38004DF12E /* FavoriteCell.swift */ = {isa = PBXFileReference; lastKnownFileType = sourcecode.swift; path = FavoriteCell.swift; sourceTree = "<group>"; };
		15E110B82DA413F6004DF12E /* GFTabBarController.swift */ = {isa = PBXFileReference; lastKnownFileType = sourcecode.swift; path = GFTabBarController.swift; sourceTree = "<group>"; };
		15E110BA2DA43FEC004DF12E /* GFContainerView.swift */ = {isa = PBXFileReference; lastKnownFileType = sourcecode.swift; path = GFContainerView.swift; sourceTree = "<group>"; };
/* End PBXFileReference section */

/* Begin PBXFrameworksBuildPhase section */
		15C9E0362D901824004EAE06 /* Frameworks */ = {
			isa = PBXFrameworksBuildPhase;
			buildActionMask = 2147483647;
			files = (
			);
			runOnlyForDeploymentPostprocessing = 0;
		};
/* End PBXFrameworksBuildPhase section */

/* Begin PBXGroup section */
		1595CAD62D9D4BC000039C61 /* Buttons */ = {
			isa = PBXGroup;
			children = (
				15C9E0522D916E68004EAE06 /* GfButton.swift */,
			);
			path = Buttons;
			sourceTree = "<group>";
		};
		1595CAD72D9D4BC900039C61 /* TextFields */ = {
			isa = PBXGroup;
			children = (
				15C9E0542D9173FF004EAE06 /* GFTextField.swift */,
			);
			path = TextFields;
			sourceTree = "<group>";
		};
		1595CAD82D9D4BD300039C61 /* Views */ = {
			isa = PBXGroup;
			children = (
				1595CADC2D9D4C5900039C61 /* GFEmtyStateView.swift */,
				1595CAE62D9EE3C300039C61 /* GFItemInfoView.swift */,
				15E110BA2DA43FEC004DF12E /* GFContainerView.swift */,
			);
			path = Views;
			sourceTree = "<group>";
		};
		1595CAD92D9D4BE100039C61 /* ImageViews */ = {
			isa = PBXGroup;
			children = (
				15C9E0742D92D18F004EAE06 /* GFAvatarImageView.swift */,
			);
			path = ImageViews;
			sourceTree = "<group>";
		};
		1595CADA2D9D4BFD00039C61 /* ViewControllers */ = {
			isa = PBXGroup;
			children = (
				1595CAF02D9F146400039C61 /* ItemInfoVCS */,
				15C9E0612D927052004EAE06 /* GFAlertVC.swift */,
				1595CAE22D9EA29700039C61 /* GFUserInfoHeaderVC.swift */,
				157763AA2DA515D600F80D42 /* GFDataLoadingVc.swift */,
			);
			path = ViewControllers;
			sourceTree = "<group>";
		};
		1595CADB2D9D4C1A00039C61 /* Labels */ = {
			isa = PBXGroup;
			children = (
				15C9E05D2D926FA0004EAE06 /* GFBodyLabel.swift */,
				15C9E05A2D926D8F004EAE06 /* GFTitleLabel.swift */,
				1595CAE02D9E9A1E00039C61 /* GFSecondaryTitleLable.swift */,
			);
			path = Labels;
			sourceTree = "<group>";
		};
		1595CAF02D9F146400039C61 /* ItemInfoVCS */ = {
			isa = PBXGroup;
			children = (
				1595CAE82D9EFED200039C61 /* GFItemInfoVc.swift */,
				1595CAEE2D9F142800039C61 /* GFFollowerItemVC.swift */,
				1595CAEC2D9F0C9400039C61 /* GFRepoItemVC.swift */,
			);
			path = ItemInfoVCS;
			sourceTree = "<group>";
		};
		15C9E0302D901824004EAE06 = {
			isa = PBXGroup;
			children = (
				15C9E03B2D901824004EAE06 /* GitFollowers */,
				15C9E03A2D901824004EAE06 /* Products */,
			);
			sourceTree = "<group>";
		};
		15C9E03A2D901824004EAE06 /* Products */ = {
			isa = PBXGroup;
			children = (
				15C9E0392D901824004EAE06 /* GitFollowers.app */,
			);
			name = Products;
			sourceTree = "<group>";
		};
		15C9E03B2D901824004EAE06 /* GitFollowers */ = {
			isa = PBXGroup;
			children = (
				15C9E0672D928E8C004EAE06 /* Extentions */,
				15C9E0682D928E9E004EAE06 /* Support */,
				15C9E0712D92C191004EAE06 /* Uitilities  */,
				15C9E06E2D92ACFA004EAE06 /* Managers  */,
				15C9E0692D929487004EAE06 /* Model */,
				15C9E0652D928E5A004EAE06 /* Custom Views */,
				15C9E0662D928E7D004EAE06 /* Screens */,
				15C9E04A2D901826004EAE06 /* Info.plist */,
			);
			path = GitFollowers;
			sourceTree = "<group>";
		};
		15C9E0652D928E5A004EAE06 /* Custom Views */ = {
			isa = PBXGroup;
			children = (
				1595CADA2D9D4BFD00039C61 /* ViewControllers */,
				1595CAD82D9D4BD300039C61 /* Views */,
				15C9E0762D92D27D004EAE06 /* Cell */,
				15E110B62DA413BF004DF12E /* TabBar */,
				1595CADB2D9D4C1A00039C61 /* Labels */,
				1595CAD92D9D4BE100039C61 /* ImageViews */,
				1595CAD72D9D4BC900039C61 /* TextFields */,
				1595CAD62D9D4BC000039C61 /* Buttons */,
			);
			path = "Custom Views";
			sourceTree = "<group>";
		};
		15C9E0662D928E7D004EAE06 /* Screens */ = {
			isa = PBXGroup;
			children = (
				15C9E0502D91627B004EAE06 /* FavoritesVC.swift */,
				15C9E0562D92627D004EAE06 /* FollowerListVC.swift */,
				15C9E0402D901824004EAE06 /* SearchVC.swift */,
				1595CADE2D9D6DAB00039C61 /* UserInfoVc.swift */,
			);
			path = Screens;
			sourceTree = "<group>";
		};
		15C9E0672D928E8C004EAE06 /* Extentions */ = {
			isa = PBXGroup;
			children = (
				15C9E0582D9266C5004EAE06 /* String+Ext.swift */,
				15C9E0632D927D5B004EAE06 /* UIViewController+Ext.swift */,
				15E110B02DA1319D004DF12E /* Date+EXT.swift */,
				157763AC2DA534F500F80D42 /* UIView+EXT.swift */,
			);
			path = Extentions;
			sourceTree = "<group>";
		};
		15C9E0682D928E9E004EAE06 /* Support */ = {
			isa = PBXGroup;
			children = (
				15C9E03C2D901824004EAE06 /* AppDelegate.swift */,
				15C9E03E2D901824004EAE06 /* SceneDelegate.swift */,
				15C9E0452D901826004EAE06 /* Assets.xcassets */,
				15C9E0472D901826004EAE06 /* LaunchScreen.storyboard */,
			);
			path = Support;
			sourceTree = "<group>";
		};
		15C9E0692D929487004EAE06 /* Model */ = {
			isa = PBXGroup;
			children = (
				15C9E06A2D929495004EAE06 /* Follower.swift */,
				15C9E06C2D9295EA004EAE06 /* User.swift */,
			);
			path = Model;
			sourceTree = "<group>";
		};
		15C9E06E2D92ACFA004EAE06 /* Managers  */ = {
			isa = PBXGroup;
			children = (
				15C9E06F2D92AD0E004EAE06 /* NetWorkManager.swift */,
				15E110B22DA3C12C004DF12E /* PersistenceManager.swift */,
			);
			path = "Managers ";
			sourceTree = "<group>";
		};
		15C9E0712D92C191004EAE06 /* Uitilities  */ = {
			isa = PBXGroup;
			children = (
				15C9E0792D954DC7004EAE06 /* UIHelper */,
				15C9E0722D92C1B9004EAE06 /* GFError.swift */,
				1595CAE42D9EAAFA00039C61 /* Constants.swift */,
			);
			path = "Uitilities ";
			sourceTree = "<group>";
		};
		15C9E0762D92D27D004EAE06 /* Cell */ = {
			isa = PBXGroup;
			children = (
				15C9E0772D92D29F004EAE06 /* FollowerCell.swift */,
				15E110B42DA3EE38004DF12E /* FavoriteCell.swift */,
			);
			path = Cell;
			sourceTree = "<group>";
		};
		15C9E0792D954DC7004EAE06 /* UIHelper */ = {
			isa = PBXGroup;
			children = (
				15C9E07A2D954DED004EAE06 /* UIHelper.swift */,
			);
			path = UIHelper;
			sourceTree = "<group>";
		};
		15E110B62DA413BF004DF12E /* TabBar */ = {
			isa = PBXGroup;
			children = (
				15E110B82DA413F6004DF12E /* GFTabBarController.swift */,
			);
			path = TabBar;
			sourceTree = "<group>";
		};
/* End PBXGroup section */

/* Begin PBXNativeTarget section */
		15C9E0382D901824004EAE06 /* GitFollowers */ = {
			isa = PBXNativeTarget;
			buildConfigurationList = 15C9E04D2D901826004EAE06 /* Build configuration list for PBXNativeTarget "GitFollowers" */;
			buildPhases = (
				15C9E0352D901824004EAE06 /* Sources */,
				15C9E0362D901824004EAE06 /* Frameworks */,
				15C9E0372D901824004EAE06 /* Resources */,
			);
			buildRules = (
			);
			dependencies = (
			);
			name = GitFollowers;
			productName = GitFollowers;
			productReference = 15C9E0392D901824004EAE06 /* GitFollowers.app */;
			productType = "com.apple.product-type.application";
		};
/* End PBXNativeTarget section */

/* Begin PBXProject section */
		15C9E0312D901824004EAE06 /* Project object */ = {
			isa = PBXProject;
			attributes = {
				BuildIndependentTargetsInParallel = 1;
				LastSwiftUpdateCheck = 1540;
				LastUpgradeCheck = 1540;
				TargetAttributes = {
					15C9E0382D901824004EAE06 = {
						CreatedOnToolsVersion = 15.4;
					};
				};
			};
			buildConfigurationList = 15C9E0342D901824004EAE06 /* Build configuration list for PBXProject "GitFollowers" */;
			compatibilityVersion = "Xcode 14.0";
			developmentRegion = en;
			hasScannedForEncodings = 0;
			knownRegions = (
				en,
				Base,
			);
			mainGroup = 15C9E0302D901824004EAE06;
			productRefGroup = 15C9E03A2D901824004EAE06 /* Products */;
			projectDirPath = "";
			projectRoot = "";
			targets = (
				15C9E0382D901824004EAE06 /* GitFollowers */,
			);
		};
/* End PBXProject section */

/* Begin PBXResourcesBuildPhase section */
		15C9E0372D901824004EAE06 /* Resources */ = {
			isa = PBXResourcesBuildPhase;
			buildActionMask = 2147483647;
			files = (
				15C9E0462D901826004EAE06 /* Assets.xcassets in Resources */,
				15C9E0492D901826004EAE06 /* Base in Resources */,
			);
			runOnlyForDeploymentPostprocessing = 0;
		};
/* End PBXResourcesBuildPhase section */

/* Begin PBXSourcesBuildPhase section */
		15C9E0352D901824004EAE06 /* Sources */ = {
			isa = PBXSourcesBuildPhase;
			buildActionMask = 2147483647;
			files = (
				15E110B52DA3EE38004DF12E /* FavoriteCell.swift in Sources */,
				1595CADD2D9D4C5900039C61 /* GFEmtyStateView.swift in Sources */,
				15C9E0732D92C1B9004EAE06 /* GFError.swift in Sources */,
				15C9E0552D9173FF004EAE06 /* GFTextField.swift in Sources */,
				15C9E0512D91627B004EAE06 /* FavoritesVC.swift in Sources */,
				1595CADF2D9D6DAB00039C61 /* UserInfoVc.swift in Sources */,
				15C9E0642D927D5B004EAE06 /* UIViewController+Ext.swift in Sources */,
				15C9E0412D901824004EAE06 /* SearchVC.swift in Sources */,
				157763AB2DA515D600F80D42 /* GFDataLoadingVc.swift in Sources */,
				15C9E0752D92D18F004EAE06 /* GFAvatarImageView.swift in Sources */,
				15C9E0532D916E68004EAE06 /* GfButton.swift in Sources */,
				1595CAE12D9E9A1E00039C61 /* GFSecondaryTitleLable.swift in Sources */,
				15C9E0702D92AD0E004EAE06 /* NetWorkManager.swift in Sources */,
				15C9E0572D92627D004EAE06 /* FollowerListVC.swift in Sources */,
				1595CAED2D9F0C9400039C61 /* GFRepoItemVC.swift in Sources */,
				1595CAE92D9EFED200039C61 /* GFItemInfoVc.swift in Sources */,
				15C9E06D2D9295EA004EAE06 /* User.swift in Sources */,
				15E110B92DA413F6004DF12E /* GFTabBarController.swift in Sources */,
				1595CAE32D9EA29700039C61 /* GFUserInfoHeaderVC.swift in Sources */,
				15C9E0622D927052004EAE06 /* GFAlertVC.swift in Sources */,
				15C9E0782D92D2A0004EAE06 /* FollowerCell.swift in Sources */,
				15C9E06B2D929495004EAE06 /* Follower.swift in Sources */,
				15C9E03D2D901824004EAE06 /* AppDelegate.swift in Sources */,
				157763AD2DA534F500F80D42 /* UIView+EXT.swift in Sources */,
				1595CAEF2D9F142800039C61 /* GFFollowerItemVC.swift in Sources */,
				15C9E05B2D926D8F004EAE06 /* GFTitleLabel.swift in Sources */,
				15C9E07B2D954DED004EAE06 /* UIHelper.swift in Sources */,
				1595CAE52D9EAAFA00039C61 /* Constants.swift in Sources */,
				15C9E0592D9266C5004EAE06 /* String+Ext.swift in Sources */,
				1595CAE72D9EE3C300039C61 /* GFItemInfoView.swift in Sources */,
				15E110B12DA1319D004DF12E /* Date+EXT.swift in Sources */,
				15E110BB2DA43FEC004DF12E /* GFContainerView.swift in Sources */,
				15C9E03F2D901824004EAE06 /* SceneDelegate.swift in Sources */,
				15C9E05E2D926FA0004EAE06 /* GFBodyLabel.swift in Sources */,
				15E110B32DA3C12C004DF12E /* PersistenceManager.swift in Sources */,
			);
			runOnlyForDeploymentPostprocessing = 0;
		};
/* End PBXSourcesBuildPhase section */

/* Begin PBXVariantGroup section */
		15C9E0472D901826004EAE06 /* LaunchScreen.storyboard */ = {
			isa = PBXVariantGroup;
			children = (
				15C9E0482D901826004EAE06 /* Base */,
			);
			name = LaunchScreen.storyboard;
			sourceTree = "<group>";
		};
/* End PBXVariantGroup section */

/* Begin XCBuildConfiguration section */
		15C9E04B2D901826004EAE06 /* Debug */ = {
			isa = XCBuildConfiguration;
			buildSettings = {
				ALWAYS_SEARCH_USER_PATHS = NO;
				ASSETCATALOG_COMPILER_GENERATE_SWIFT_ASSET_SYMBOL_EXTENSIONS = YES;
				CLANG_ANALYZER_NONNULL = YES;
				CLANG_ANALYZER_NUMBER_OBJECT_CONVERSION = YES_AGGRESSIVE;
				CLANG_CXX_LANGUAGE_STANDARD = "gnu++20";
				CLANG_ENABLE_MODULES = YES;
				CLANG_ENABLE_OBJC_ARC = YES;
				CLANG_ENABLE_OBJC_WEAK = YES;
				CLANG_WARN_BLOCK_CAPTURE_AUTORELEASING = YES;
				CLANG_WARN_BOOL_CONVERSION = YES;
				CLANG_WARN_COMMA = YES;
				CLANG_WARN_CONSTANT_CONVERSION = YES;
				CLANG_WARN_DEPRECATED_OBJC_IMPLEMENTATIONS = YES;
				CLANG_WARN_DIRECT_OBJC_ISA_USAGE = YES_ERROR;
				CLANG_WARN_DOCUMENTATION_COMMENTS = YES;
				CLANG_WARN_EMPTY_BODY = YES;
				CLANG_WARN_ENUM_CONVERSION = YES;
				CLANG_WARN_INFINITE_RECURSION = YES;
				CLANG_WARN_INT_CONVERSION = YES;
				CLANG_WARN_NON_LITERAL_NULL_CONVERSION = YES;
				CLANG_WARN_OBJC_IMPLICIT_RETAIN_SELF = YES;
				CLANG_WARN_OBJC_LITERAL_CONVERSION = YES;
				CLANG_WARN_OBJC_ROOT_CLASS = YES_ERROR;
				CLANG_WARN_QUOTED_INCLUDE_IN_FRAMEWORK_HEADER = YES;
				CLANG_WARN_RANGE_LOOP_ANALYSIS = YES;
				CLANG_WARN_STRICT_PROTOTYPES = YES;
				CLANG_WARN_SUSPICIOUS_MOVE = YES;
				CLANG_WARN_UNGUARDED_AVAILABILITY = YES_AGGRESSIVE;
				CLANG_WARN_UNREACHABLE_CODE = YES;
				CLANG_WARN__DUPLICATE_METHOD_MATCH = YES;
				COPY_PHASE_STRIP = NO;
				DEBUG_INFORMATION_FORMAT = dwarf;
				ENABLE_STRICT_OBJC_MSGSEND = YES;
				ENABLE_TESTABILITY = YES;
				ENABLE_USER_SCRIPT_SANDBOXING = YES;
				GCC_C_LANGUAGE_STANDARD = gnu17;
				GCC_DYNAMIC_NO_PIC = NO;
				GCC_NO_COMMON_BLOCKS = YES;
				GCC_OPTIMIZATION_LEVEL = 0;
				GCC_PREPROCESSOR_DEFINITIONS = (
					"DEBUG=1",
					"$(inherited)",
				);
				GCC_WARN_64_TO_32_BIT_CONVERSION = YES;
				GCC_WARN_ABOUT_RETURN_TYPE = YES_ERROR;
				GCC_WARN_UNDECLARED_SELECTOR = YES;
				GCC_WARN_UNINITIALIZED_AUTOS = YES_AGGRESSIVE;
				GCC_WARN_UNUSED_FUNCTION = YES;
				GCC_WARN_UNUSED_VARIABLE = YES;
				IPHONEOS_DEPLOYMENT_TARGET = 15;
				LOCALIZATION_PREFERS_STRING_CATALOGS = YES;
				MTL_ENABLE_DEBUG_INFO = INCLUDE_SOURCE;
				MTL_FAST_MATH = YES;
				ONLY_ACTIVE_ARCH = YES;
				SDKROOT = iphoneos;
				SWIFT_ACTIVE_COMPILATION_CONDITIONS = "DEBUG $(inherited)";
				SWIFT_OPTIMIZATION_LEVEL = "-Onone";
			};
			name = Debug;
		};
		15C9E04C2D901826004EAE06 /* Release */ = {
			isa = XCBuildConfiguration;
			buildSettings = {
				ALWAYS_SEARCH_USER_PATHS = NO;
				ASSETCATALOG_COMPILER_GENERATE_SWIFT_ASSET_SYMBOL_EXTENSIONS = YES;
				CLANG_ANALYZER_NONNULL = YES;
				CLANG_ANALYZER_NUMBER_OBJECT_CONVERSION = YES_AGGRESSIVE;
				CLANG_CXX_LANGUAGE_STANDARD = "gnu++20";
				CLANG_ENABLE_MODULES = YES;
				CLANG_ENABLE_OBJC_ARC = YES;
				CLANG_ENABLE_OBJC_WEAK = YES;
				CLANG_WARN_BLOCK_CAPTURE_AUTORELEASING = YES;
				CLANG_WARN_BOOL_CONVERSION = YES;
				CLANG_WARN_COMMA = YES;
				CLANG_WARN_CONSTANT_CONVERSION = YES;
				CLANG_WARN_DEPRECATED_OBJC_IMPLEMENTATIONS = YES;
				CLANG_WARN_DIRECT_OBJC_ISA_USAGE = YES_ERROR;
				CLANG_WARN_DOCUMENTATION_COMMENTS = YES;
				CLANG_WARN_EMPTY_BODY = YES;
				CLANG_WARN_ENUM_CONVERSION = YES;
				CLANG_WARN_INFINITE_RECURSION = YES;
				CLANG_WARN_INT_CONVERSION = YES;
				CLANG_WARN_NON_LITERAL_NULL_CONVERSION = YES;
				CLANG_WARN_OBJC_IMPLICIT_RETAIN_SELF = YES;
				CLANG_WARN_OBJC_LITERAL_CONVERSION = YES;
				CLANG_WARN_OBJC_ROOT_CLASS = YES_ERROR;
				CLANG_WARN_QUOTED_INCLUDE_IN_FRAMEWORK_HEADER = YES;
				CLANG_WARN_RANGE_LOOP_ANALYSIS = YES;
				CLANG_WARN_STRICT_PROTOTYPES = YES;
				CLANG_WARN_SUSPICIOUS_MOVE = YES;
				CLANG_WARN_UNGUARDED_AVAILABILITY = YES_AGGRESSIVE;
				CLANG_WARN_UNREACHABLE_CODE = YES;
				CLANG_WARN__DUPLICATE_METHOD_MATCH = YES;
				COPY_PHASE_STRIP = NO;
				DEBUG_INFORMATION_FORMAT = "dwarf-with-dsym";
				ENABLE_NS_ASSERTIONS = NO;
				ENABLE_STRICT_OBJC_MSGSEND = YES;
				ENABLE_USER_SCRIPT_SANDBOXING = YES;
				GCC_C_LANGUAGE_STANDARD = gnu17;
				GCC_NO_COMMON_BLOCKS = YES;
				GCC_WARN_64_TO_32_BIT_CONVERSION = YES;
				GCC_WARN_ABOUT_RETURN_TYPE = YES_ERROR;
				GCC_WARN_UNDECLARED_SELECTOR = YES;
				GCC_WARN_UNINITIALIZED_AUTOS = YES_AGGRESSIVE;
				GCC_WARN_UNUSED_FUNCTION = YES;
				GCC_WARN_UNUSED_VARIABLE = YES;
				IPHONEOS_DEPLOYMENT_TARGET = 15;
				LOCALIZATION_PREFERS_STRING_CATALOGS = YES;
				MTL_ENABLE_DEBUG_INFO = NO;
				MTL_FAST_MATH = YES;
				SDKROOT = iphoneos;
				SWIFT_COMPILATION_MODE = wholemodule;
				VALIDATE_PRODUCT = YES;
			};
			name = Release;
		};
		15C9E04E2D901826004EAE06 /* Debug */ = {
			isa = XCBuildConfiguration;
			buildSettings = {
				ASSETCATALOG_COMPILER_APPICON_NAME = AppIcon;
				ASSETCATALOG_COMPILER_GLOBAL_ACCENT_COLOR_NAME = AccentColor;
				CODE_SIGN_STYLE = Automatic;
				CURRENT_PROJECT_VERSION = 1;
				DEVELOPMENT_TEAM = 88966CQ476;
				GENERATE_INFOPLIST_FILE = YES;
				INFOPLIST_FILE = GitFollowers/Info.plist;
				INFOPLIST_KEY_UIApplicationSupportsIndirectInputEvents = YES;
				INFOPLIST_KEY_UILaunchStoryboardName = LaunchScreen;
				INFOPLIST_KEY_UISupportedInterfaceOrientations = UIInterfaceOrientationPortrait;
				IPHONEOS_DEPLOYMENT_TARGET = 16.0;
				LD_RUNPATH_SEARCH_PATHS = (
					"$(inherited)",
					"@executable_path/Frameworks",
				);
				MARKETING_VERSION = 1.0;
				PRODUCT_BUNDLE_IDENTIFIER = "ahmed-elgndy.GitFollowers";
				PRODUCT_NAME = "$(TARGET_NAME)";
				SUPPORTED_PLATFORMS = "iphoneos iphonesimulator";
				SUPPORTS_MACCATALYST = NO;
				SUPPORTS_MAC_DESIGNED_FOR_IPHONE_IPAD = NO;
				SUPPORTS_XR_DESIGNED_FOR_IPHONE_IPAD = NO;
				SWIFT_EMIT_LOC_STRINGS = YES;
				SWIFT_VERSION = 5.0;
				TARGETED_DEVICE_FAMILY = 1;
			};
			name = Debug;
		};
		15C9E04F2D901826004EAE06 /* Release */ = {
			isa = XCBuildConfiguration;
			buildSettings = {
				ASSETCATALOG_COMPILER_APPICON_NAME = AppIcon;
				ASSETCATALOG_COMPILER_GLOBAL_ACCENT_COLOR_NAME = AccentColor;
				CODE_SIGN_STYLE = Automatic;
				CURRENT_PROJECT_VERSION = 1;
				DEVELOPMENT_TEAM = 88966CQ476;
				GENERATE_INFOPLIST_FILE = YES;
				INFOPLIST_FILE = GitFollowers/Info.plist;
				INFOPLIST_KEY_UIApplicationSupportsIndirectInputEvents = YES;
				INFOPLIST_KEY_UILaunchStoryboardName = LaunchScreen;
				INFOPLIST_KEY_UISupportedInterfaceOrientations = UIInterfaceOrientationPortrait;
				IPHONEOS_DEPLOYMENT_TARGET = 16.0;
				LD_RUNPATH_SEARCH_PATHS = (
					"$(inherited)",
					"@executable_path/Frameworks",
				);
				MARKETING_VERSION = 1.0;
				PRODUCT_BUNDLE_IDENTIFIER = "ahmed-elgndy.GitFollowers";
				PRODUCT_NAME = "$(TARGET_NAME)";
				SUPPORTED_PLATFORMS = "iphoneos iphonesimulator";
				SUPPORTS_MACCATALYST = NO;
				SUPPORTS_MAC_DESIGNED_FOR_IPHONE_IPAD = NO;
				SUPPORTS_XR_DESIGNED_FOR_IPHONE_IPAD = NO;
				SWIFT_EMIT_LOC_STRINGS = YES;
				SWIFT_VERSION = 5.0;
				TARGETED_DEVICE_FAMILY = 1;
			};
			name = Release;
		};
/* End XCBuildConfiguration section */

/* Begin XCConfigurationList section */
		15C9E0342D901824004EAE06 /* Build configuration list for PBXProject "GitFollowers" */ = {
			isa = XCConfigurationList;
			buildConfigurations = (
				15C9E04B2D901826004EAE06 /* Debug */,
				15C9E04C2D901826004EAE06 /* Release */,
			);
			defaultConfigurationIsVisible = 0;
			defaultConfigurationName = Release;
		};
		15C9E04D2D901826004EAE06 /* Build configuration list for PBXNativeTarget "GitFollowers" */ = {
			isa = XCConfigurationList;
			buildConfigurations = (
				15C9E04E2D901826004EAE06 /* Debug */,
				15C9E04F2D901826004EAE06 /* Release */,
			);
			defaultConfigurationIsVisible = 0;
			defaultConfigurationName = Release;
		};
/* End XCConfigurationList section */
	};
	rootObject = 15C9E0312D901824004EAE06 /* Project object */;
}
